
Microsoft Visual Studio Solution File, Format Version 12.00
# Visual Studio Version 16
VisualStudioVersion = 25.0.1705.0
MinimumVisualStudioVersion = 10.0.40219.1
Project("{FAE04EC0-301F-11D3-BF4B-00C04F79EFBC}") = "Galo", "Galo\Galo.csproj", "{01A5AB17-8D70-483B-984A-EF0AE135CE9E}"
EndProject
Global
	GlobalSection(SolutionConfigurationPlatforms) = preSolution
		Debug|Any CPU = Debug|Any CPU
		Release|Any CPU = Release|Any CPU
	EndGlobalSection
	GlobalSection(ProjectConfigurationPlatforms) = postSolution
		{01A5AB17-8D70-483B-984A-EF0AE135CE9E}.Debug|Any CPU.ActiveCfg = Debug|Any CPU
		{01A5AB17-8D70-483B-984A-EF0AE135CE9E}.Debug|Any CPU.Build.0 = Debug|Any CPU
		{01A5AB17-8D70-483B-984A-EF0AE135CE9E}.Release|Any CPU.ActiveCfg = Release|Any CPU
		{01A5AB17-8D70-483B-984A-EF0AE135CE9E}.Release|Any CPU.Build.0 = Release|Any CPU
	EndGlobalSection
	GlobalSection(SolutionProperties) = preSolution
		HideSolutionNode = FALSE
	EndGlobalSection
	GlobalSection(ExtensibilityGlobals) = postSolution
		SolutionGuid = {88A9CF2C-516A-4866-8A65-9FA397000BDC}
	EndGlobalSection
EndGlobal
